
Microsoft Visual Studio Solution File, Format Version 12.00
# Visual Studio Version 17
VisualStudioVersion = 17.0.32112.339
MinimumVisualStudioVersion = 10.0.40219.1
Project("{8BC9CEB8-8B4A-11D0-8D11-00A0C91BC942}") = "DZ№32_3", "DZ№32_3\DZ№32_3.vcxproj", "{3341331E-2012-49C0-980E-704A36106270}"
EndProject
Global
	GlobalSection(SolutionConfigurationPlatforms) = preSolution
		Debug|x64 = Debug|x64
		Debug|x86 = Debug|x86
		Release|x64 = Release|x64
		Release|x86 = Release|x86
	EndGlobalSection
	GlobalSection(ProjectConfigurationPlatforms) = postSolution
		{3341331E-2012-49C0-980E-704A36106270}.Debug|x64.ActiveCfg = Debug|x64
		{3341331E-2012-49C0-980E-704A36106270}.Debug|x64.Build.0 = Debug|x64
		{3341331E-2012-49C0-980E-704A36106270}.Debug|x86.ActiveCfg = Debug|Win32
		{3341331E-2012-49C0-980E-704A36106270}.Debug|x86.Build.0 = Debug|Win32
		{3341331E-2012-49C0-980E-704A36106270}.Release|x64.ActiveCfg = Release|x64
		{3341331E-2012-49C0-980E-704A36106270}.Release|x64.Build.0 = Release|x64
		{3341331E-2012-49C0-980E-704A36106270}.Release|x86.ActiveCfg = Release|Win32
		{3341331E-2012-49C0-980E-704A36106270}.Release|x86.Build.0 = Release|Win32
	EndGlobalSection
	GlobalSection(SolutionProperties) = preSolution
		HideSolutionNode = FALSE
	EndGlobalSection
	GlobalSection(ExtensibilityGlobals) = postSolution
		SolutionGuid = {1513E2DB-4F41-4ECF-B4B4-95229B96DB71}
	EndGlobalSection
EndGlobal
